
Microsoft Visual Studio Solution File, Format Version 12.00
Project("{FAE04EC0-301F-11D3-BF4B-00C04F79EFBC}") = "NailsbyShir", "NailsbyShir\NailsbyShir.csproj", "{9326F4BC-97A2-49F0-BE0F-67BE9B6CE551}"
EndProject
Global
	GlobalSection(SolutionConfigurationPlatforms) = preSolution
		Debug|Any CPU = Debug|Any CPU
		Release|Any CPU = Release|Any CPU
	EndGlobalSection
	GlobalSection(ProjectConfigurationPlatforms) = postSolution
		{9326F4BC-97A2-49F0-BE0F-67BE9B6CE551}.Debug|Any CPU.ActiveCfg = Debug|Any CPU
		{9326F4BC-97A2-49F0-BE0F-67BE9B6CE551}.Debug|Any CPU.Build.0 = Debug|Any CPU
		{9326F4BC-97A2-49F0-BE0F-67BE9B6CE551}.Release|Any CPU.ActiveCfg = Release|Any CPU
		{9326F4BC-97A2-49F0-BE0F-67BE9B6CE551}.Release|Any CPU.Build.0 = Release|Any CPU
	EndGlobalSection
EndGlobal
